
Microsoft Visual Studio Solution File, Format Version 12.00
# Visual Studio Version 16
VisualStudioVersion = 16.0.30611.23
MinimumVisualStudioVersion = 10.0.40219.1
Project("{FAE04EC0-301F-11D3-BF4B-00C04F79EFBC}") = "HelloMVVM", "HelloMVVM\HelloMVVM.csproj", "{C77FC1DF-B944-499A-ABC6-CFD207D5D279}"
EndProject
Global
	GlobalSection(SolutionConfigurationPlatforms) = preSolution
		Debug|Any CPU = Debug|Any CPU
		Release|Any CPU = Release|Any CPU
	EndGlobalSection
	GlobalSection(ProjectConfigurationPlatforms) = postSolution
		{C77FC1DF-B944-499A-ABC6-CFD207D5D279}.Debug|Any CPU.ActiveCfg = Debug|Any CPU
		{C77FC1DF-B944-499A-ABC6-CFD207D5D279}.Debug|Any CPU.Build.0 = Debug|Any CPU
		{C77FC1DF-B944-499A-ABC6-CFD207D5D279}.Release|Any CPU.ActiveCfg = Release|Any CPU
		{C77FC1DF-B944-499A-ABC6-CFD207D5D279}.Release|Any CPU.Build.0 = Release|Any CPU
	EndGlobalSection
	GlobalSection(SolutionProperties) = preSolution
		HideSolutionNode = FALSE
	EndGlobalSection
	GlobalSection(ExtensibilityGlobals) = postSolution
		SolutionGuid = {EFF556DD-B86C-4FF9-AD17-83989C9929A2}
	EndGlobalSection
EndGlobal
